// !$*UTF8*$!
{
	archiveVersion = 1;
	classes = {
	};
	objectVersion = 77;
	objects = {

/* Begin PBXContainerItemProxy section */
		382990002CB19593004F3A26 /* PBXContainerItemProxy */ = {
			isa = PBXContainerItemProxy;
			containerPortal = 38298FE52CB19589004F3A26 /* Project object */;
			proxyType = 1;
			remoteGlobalIDString = 38298FEC2CB19589004F3A26;
			remoteInfo = MeLiMobileApp;
		};
		3829900A2CB19593004F3A26 /* PBXContainerItemProxy */ = {
			isa = PBXContainerItemProxy;
			containerPortal = 38298FE52CB19589004F3A26 /* Project object */;
			proxyType = 1;
			remoteGlobalIDString = 38298FEC2CB19589004F3A26;
			remoteInfo = MeLiMobileApp;
		};
/* End PBXContainerItemProxy section */

/* Begin PBXFileReference section */
		38298FED2CB19589004F3A26 /* MeLiMobileApp.app */ = {isa = PBXFileReference; explicitFileType = wrapper.application; includeInIndex = 0; path = MeLiMobileApp.app; sourceTree = BUILT_PRODUCTS_DIR; };
		38298FFF2CB19593004F3A26 /* MeLiMobileAppTests.xctest */ = {isa = PBXFileReference; explicitFileType = wrapper.cfbundle; includeInIndex = 0; path = MeLiMobileAppTests.xctest; sourceTree = BUILT_PRODUCTS_DIR; };
		382990092CB19593004F3A26 /* MeLiMobileAppUITests.xctest */ = {isa = PBXFileReference; explicitFileType = wrapper.cfbundle; includeInIndex = 0; path = MeLiMobileAppUITests.xctest; sourceTree = BUILT_PRODUCTS_DIR; };
/* End PBXFileReference section */

/* Begin PBXFileSystemSynchronizedRootGroup section */
		38298FEF2CB19589004F3A26 /* MeLiMobileApp */ = {
			isa = PBXFileSystemSynchronizedRootGroup;
			path = MeLiMobileApp;
			sourceTree = "<group>";
		};
		382990022CB19593004F3A26 /* MeLiMobileAppTests */ = {
			isa = PBXFileSystemSynchronizedRootGroup;
			path = MeLiMobileAppTests;
			sourceTree = "<group>";
		};
		3829900C2CB19593004F3A26 /* MeLiMobileAppUITests */ = {
			isa = PBXFileSystemSynchronizedRootGroup;
			path = MeLiMobileAppUITests;
			sourceTree = "<group>";
		};
/* End PBXFileSystemSynchronizedRootGroup section */

/* Begin PBXFrameworksBuildPhase section */
		38298FEA2CB19589004F3A26 /* Frameworks */ = {
			isa = PBXFrameworksBuildPhase;
			buildActionMask = 2147483647;
			files = (
			);
			runOnlyForDeploymentPostprocessing = 0;
		};
		38298FFC2CB19593004F3A26 /* Frameworks */ = {
			isa = PBXFrameworksBuildPhase;
			buildActionMask = 2147483647;
			files = (
			);
			runOnlyForDeploymentPostprocessing = 0;
		};
		382990062CB19593004F3A26 /* Frameworks */ = {
			isa = PBXFrameworksBuildPhase;
			buildActionMask = 2147483647;
			files = (
			);
			runOnlyForDeploymentPostprocessing = 0;
		};
/* End PBXFrameworksBuildPhase section */

/* Begin PBXGroup section */
		38298FE42CB19588004F3A26 = {
			isa = PBXGroup;
			children = (
				38298FEF2CB19589004F3A26 /* MeLiMobileApp */,
				382990022CB19593004F3A26 /* MeLiMobileAppTests */,
				3829900C2CB19593004F3A26 /* MeLiMobileAppUITests */,
				38298FEE2CB19589004F3A26 /* Products */,
			);
			sourceTree = "<group>";
		};
		38298FEE2CB19589004F3A26 /* Products */ = {
			isa = PBXGroup;
			children = (
				38298FED2CB19589004F3A26 /* MeLiMobileApp.app */,
				38298FFF2CB19593004F3A26 /* MeLiMobileAppTests.xctest */,
				382990092CB19593004F3A26 /* MeLiMobileAppUITests.xctest */,
			);
			name = Products;
			sourceTree = "<group>";
		};
/* End PBXGroup section */

/* Begin PBXNativeTarget section */
		38298FEC2CB19589004F3A26 /* MeLiMobileApp */ = {
			isa = PBXNativeTarget;
			buildConfigurationList = 382990132CB19593004F3A26 /* Build configuration list for PBXNativeTarget "MeLiMobileApp" */;
			buildPhases = (
				38298FE92CB19589004F3A26 /* Sources */,
				38298FEA2CB19589004F3A26 /* Frameworks */,
				38298FEB2CB19589004F3A26 /* Resources */,
			);
			buildRules = (
			);
			dependencies = (
			);
			fileSystemSynchronizedGroups = (
				38298FEF2CB19589004F3A26 /* MeLiMobileApp */,
			);
			name = MeLiMobileApp;
			packageProductDependencies = (
			);
			productName = MeLiMobileApp;
			productReference = 38298FED2CB19589004F3A26 /* MeLiMobileApp.app */;
			productType = "com.apple.product-type.application";
		};
		38298FFE2CB19593004F3A26 /* MeLiMobileAppTests */ = {
			isa = PBXNativeTarget;
			buildConfigurationList = 382990162CB19593004F3A26 /* Build configuration list for PBXNativeTarget "MeLiMobileAppTests" */;
			buildPhases = (
				38298FFB2CB19593004F3A26 /* Sources */,
				38298FFC2CB19593004F3A26 /* Frameworks */,
				38298FFD2CB19593004F3A26 /* Resources */,
			);
			buildRules = (
			);
			dependencies = (
				382990012CB19593004F3A26 /* PBXTargetDependency */,
			);
			fileSystemSynchronizedGroups = (
				382990022CB19593004F3A26 /* MeLiMobileAppTests */,
			);
			name = MeLiMobileAppTests;
			packageProductDependencies = (
			);
			productName = MeLiMobileAppTests;
			productReference = 38298FFF2CB19593004F3A26 /* MeLiMobileAppTests.xctest */;
			productType = "com.apple.product-type.bundle.unit-test";
		};
		382990082CB19593004F3A26 /* MeLiMobileAppUITests */ = {
			isa = PBXNativeTarget;
			buildConfigurationList = 382990192CB19593004F3A26 /* Build configuration list for PBXNativeTarget "MeLiMobileAppUITests" */;
			buildPhases = (
				382990052CB19593004F3A26 /* Sources */,
				382990062CB19593004F3A26 /* Frameworks */,
				382990072CB19593004F3A26 /* Resources */,
			);
			buildRules = (
			);
			dependencies = (
				3829900B2CB19593004F3A26 /* PBXTargetDependency */,
			);
			fileSystemSynchronizedGroups = (
				3829900C2CB19593004F3A26 /* MeLiMobileAppUITests */,
			);
			name = MeLiMobileAppUITests;
			packageProductDependencies = (
			);
			productName = MeLiMobileAppUITests;
			productReference = 382990092CB19593004F3A26 /* MeLiMobileAppUITests.xctest */;
			productType = "com.apple.product-type.bundle.ui-testing";
		};
/* End PBXNativeTarget section */

/* Begin PBXProject section */
		38298FE52CB19589004F3A26 /* Project object */ = {
			isa = PBXProject;
			attributes = {
				BuildIndependentTargetsInParallel = 1;
				LastSwiftUpdateCheck = 1600;
				LastUpgradeCheck = 1600;
				TargetAttributes = {
					38298FEC2CB19589004F3A26 = {
						CreatedOnToolsVersion = 16.0;
					};
					38298FFE2CB19593004F3A26 = {
						CreatedOnToolsVersion = 16.0;
						TestTargetID = 38298FEC2CB19589004F3A26;
					};
					382990082CB19593004F3A26 = {
						CreatedOnToolsVersion = 16.0;
						TestTargetID = 38298FEC2CB19589004F3A26;
					};
				};
			};
			buildConfigurationList = 38298FE82CB19589004F3A26 /* Build configuration list for PBXProject "MeLiMobileApp" */;
			developmentRegion = en;
			hasScannedForEncodings = 0;
			knownRegions = (
				en,
				Base,
			);
			mainGroup = 38298FE42CB19588004F3A26;
			minimizedProjectReferenceProxies = 1;
			preferredProjectObjectVersion = 77;
			productRefGroup = 38298FEE2CB19589004F3A26 /* Products */;
			projectDirPath = "";
			projectRoot = "";
			targets = (
				38298FEC2CB19589004F3A26 /* MeLiMobileApp */,
				38298FFE2CB19593004F3A26 /* MeLiMobileAppTests */,
				382990082CB19593004F3A26 /* MeLiMobileAppUITests */,
			);
		};
/* End PBXProject section */

/* Begin PBXResourcesBuildPhase section */
		38298FEB2CB19589004F3A26 /* Resources */ = {
			isa = PBXResourcesBuildPhase;
			buildActionMask = 2147483647;
			files = (
			);
			runOnlyForDeploymentPostprocessing = 0;
		};
		38298FFD2CB19593004F3A26 /* Resources */ = {
			isa = PBXResourcesBuildPhase;
			buildActionMask = 2147483647;
			files = (
			);
			runOnlyForDeploymentPostprocessing = 0;
		};
		382990072CB19593004F3A26 /* Resources */ = {
			isa = PBXResourcesBuildPhase;
			buildActionMask = 2147483647;
			files = (
			);
			runOnlyForDeploymentPostprocessing = 0;
		};
/* End PBXResourcesBuildPhase section */

/* Begin PBXSourcesBuildPhase section */
		38298FE92CB19589004F3A26 /* Sources */ = {
			isa = PBXSourcesBuildPhase;
			buildActionMask = 2147483647;
			files = (
			);
			runOnlyForDeploymentPostprocessing = 0;
		};
		38298FFB2CB19593004F3A26 /* Sources */ = {
			isa = PBXSourcesBuildPhase;
			buildActionMask = 2147483647;
			files = (
			);
			runOnlyForDeploymentPostprocessing = 0;
		};
		382990052CB19593004F3A26 /* Sources */ = {
			isa = PBXSourcesBuildPhase;
			buildActionMask = 2147483647;
			files = (
			);
			runOnlyForDeploymentPostprocessing = 0;
		};
/* End PBXSourcesBuildPhase section */

/* Begin PBXTargetDependency section */
		382990012CB19593004F3A26 /* PBXTargetDependency */ = {
			isa = PBXTargetDependency;
			target = 38298FEC2CB19589004F3A26 /* MeLiMobileApp */;
			targetProxy = 382990002CB19593004F3A26 /* PBXContainerItemProxy */;
		};
		3829900B2CB19593004F3A26 /* PBXTargetDependency */ = {
			isa = PBXTargetDependency;
			target = 38298FEC2CB19589004F3A26 /* MeLiMobileApp */;
			targetProxy = 3829900A2CB19593004F3A26 /* PBXContainerItemProxy */;
		};
/* End PBXTargetDependency section */

/* Begin XCBuildConfiguration section */
		382990112CB19593004F3A26 /* Debug */ = {
			isa = XCBuildConfiguration;
			buildSettings = {
				ALWAYS_SEARCH_USER_PATHS = NO;
				ASSETCATALOG_COMPILER_GENERATE_SWIFT_ASSET_SYMBOL_EXTENSIONS = YES;
				CLANG_ANALYZER_NONNULL = YES;
				CLANG_ANALYZER_NUMBER_OBJECT_CONVERSION = YES_AGGRESSIVE;
				CLANG_CXX_LANGUAGE_STANDARD = "gnu++20";
				CLANG_ENABLE_MODULES = YES;
				CLANG_ENABLE_OBJC_ARC = YES;
				CLANG_ENABLE_OBJC_WEAK = YES;
				CLANG_WARN_BLOCK_CAPTURE_AUTORELEASING = YES;
				CLANG_WARN_BOOL_CONVERSION = YES;
				CLANG_WARN_COMMA = YES;
				CLANG_WARN_CONSTANT_CONVERSION = YES;
				CLANG_WARN_DEPRECATED_OBJC_IMPLEMENTATIONS = YES;
				CLANG_WARN_DIRECT_OBJC_ISA_USAGE = YES_ERROR;
				CLANG_WARN_DOCUMENTATION_COMMENTS = YES;
				CLANG_WARN_EMPTY_BODY = YES;
				CLANG_WARN_ENUM_CONVERSION = YES;
				CLANG_WARN_INFINITE_RECURSION = YES;
				CLANG_WARN_INT_CONVERSION = YES;
				CLANG_WARN_NON_LITERAL_NULL_CONVERSION = YES;
				CLANG_WARN_OBJC_IMPLICIT_RETAIN_SELF = YES;
				CLANG_WARN_OBJC_LITERAL_CONVERSION = YES;
				CLANG_WARN_OBJC_ROOT_CLASS = YES_ERROR;
				CLANG_WARN_QUOTED_INCLUDE_IN_FRAMEWORK_HEADER = YES;
				CLANG_WARN_RANGE_LOOP_ANALYSIS = YES;
				CLANG_WARN_STRICT_PROTOTYPES = YES;
				CLANG_WARN_SUSPICIOUS_MOVE = YES;
				CLANG_WARN_UNGUARDED_AVAILABILITY = YES_AGGRESSIVE;
				CLANG_WARN_UNREACHABLE_CODE = YES;
				CLANG_WARN__DUPLICATE_METHOD_MATCH = YES;
				COPY_PHASE_STRIP = NO;
				DEBUG_INFORMATION_FORMAT = dwarf;
				ENABLE_STRICT_OBJC_MSGSEND = YES;
				ENABLE_TESTABILITY = YES;
				ENABLE_USER_SCRIPT_SANDBOXING = YES;
				GCC_C_LANGUAGE_STANDARD = gnu17;
				GCC_DYNAMIC_NO_PIC = NO;
				GCC_NO_COMMON_BLOCKS = YES;
				GCC_OPTIMIZATION_LEVEL = 0;
				GCC_PREPROCESSOR_DEFINITIONS = (
					"DEBUG=1",
					"$(inherited)",
				);
				GCC_WARN_64_TO_32_BIT_CONVERSION = YES;
				GCC_WARN_ABOUT_RETURN_TYPE = YES_ERROR;
				GCC_WARN_UNDECLARED_SELECTOR = YES;
				GCC_WARN_UNINITIALIZED_AUTOS = YES_AGGRESSIVE;
				GCC_WARN_UNUSED_FUNCTION = YES;
				GCC_WARN_UNUSED_VARIABLE = YES;
				IPHONEOS_DEPLOYMENT_TARGET = 18.0;
				LOCALIZATION_PREFERS_STRING_CATALOGS = YES;
				MTL_ENABLE_DEBUG_INFO = INCLUDE_SOURCE;
				MTL_FAST_MATH = YES;
				ONLY_ACTIVE_ARCH = YES;
				SDKROOT = iphoneos;
				SWIFT_ACTIVE_COMPILATION_CONDITIONS = "DEBUG $(inherited)";
				SWIFT_OPTIMIZATION_LEVEL = "-Onone";
			};
			name = Debug;
		};
		382990122CB19593004F3A26 /* Release */ = {
			isa = XCBuildConfiguration;
			buildSettings = {
				ALWAYS_SEARCH_USER_PATHS = NO;
				ASSETCATALOG_COMPILER_GENERATE_SWIFT_ASSET_SYMBOL_EXTENSIONS = YES;
				CLANG_ANALYZER_NONNULL = YES;
				CLANG_ANALYZER_NUMBER_OBJECT_CONVERSION = YES_AGGRESSIVE;
				CLANG_CXX_LANGUAGE_STANDARD = "gnu++20";
				CLANG_ENABLE_MODULES = YES;
				CLANG_ENABLE_OBJC_ARC = YES;
				CLANG_ENABLE_OBJC_WEAK = YES;
				CLANG_WARN_BLOCK_CAPTURE_AUTORELEASING = YES;
				CLANG_WARN_BOOL_CONVERSION = YES;
				CLANG_WARN_COMMA = YES;
				CLANG_WARN_CONSTANT_CONVERSION = YES;
				CLANG_WARN_DEPRECATED_OBJC_IMPLEMENTATIONS = YES;
				CLANG_WARN_DIRECT_OBJC_ISA_USAGE = YES_ERROR;
				CLANG_WARN_DOCUMENTATION_COMMENTS = YES;
				CLANG_WARN_EMPTY_BODY = YES;
				CLANG_WARN_ENUM_CONVERSION = YES;
				CLANG_WARN_INFINITE_RECURSION = YES;
				CLANG_WARN_INT_CONVERSION = YES;
				CLANG_WARN_NON_LITERAL_NULL_CONVERSION = YES;
				CLANG_WARN_OBJC_IMPLICIT_RETAIN_SELF = YES;
				CLANG_WARN_OBJC_LITERAL_CONVERSION = YES;
				CLANG_WARN_OBJC_ROOT_CLASS = YES_ERROR;
				CLANG_WARN_QUOTED_INCLUDE_IN_FRAMEWORK_HEADER = YES;
				CLANG_WARN_RANGE_LOOP_ANALYSIS = YES;
				CLANG_WARN_STRICT_PROTOTYPES = YES;
				CLANG_WARN_SUSPICIOUS_MOVE = YES;
				CLANG_WARN_UNGUARDED_AVAILABILITY = YES_AGGRESSIVE;
				CLANG_WARN_UNREACHABLE_CODE = YES;
				CLANG_WARN__DUPLICATE_METHOD_MATCH = YES;
				COPY_PHASE_STRIP = NO;
				DEBUG_INFORMATION_FORMAT = "dwarf-with-dsym";
				ENABLE_NS_ASSERTIONS = NO;
				ENABLE_STRICT_OBJC_MSGSEND = YES;
				ENABLE_USER_SCRIPT_SANDBOXING = YES;
				GCC_C_LANGUAGE_STANDARD = gnu17;
				GCC_NO_COMMON_BLOCKS = YES;
				GCC_WARN_64_TO_32_BIT_CONVERSION = YES;
				GCC_WARN_ABOUT_RETURN_TYPE = YES_ERROR;
				GCC_WARN_UNDECLARED_SELECTOR = YES;
				GCC_WARN_UNINITIALIZED_AUTOS = YES_AGGRESSIVE;
				GCC_WARN_UNUSED_FUNCTION = YES;
				GCC_WARN_UNUSED_VARIABLE = YES;
				IPHONEOS_DEPLOYMENT_TARGET = 18.0;
				LOCALIZATION_PREFERS_STRING_CATALOGS = YES;
				MTL_ENABLE_DEBUG_INFO = NO;
				MTL_FAST_MATH = YES;
				SDKROOT = iphoneos;
				SWIFT_COMPILATION_MODE = wholemodule;
				VALIDATE_PRODUCT = YES;
			};
			name = Release;
		};
		382990142CB19593004F3A26 /* Debug */ = {
			isa = XCBuildConfiguration;
			buildSettings = {
				ASSETCATALOG_COMPILER_APPICON_NAME = AppIcon;
				ASSETCATALOG_COMPILER_GLOBAL_ACCENT_COLOR_NAME = AccentColor;
				CODE_SIGN_STYLE = Automatic;
				CURRENT_PROJECT_VERSION = 1;
				DEVELOPMENT_ASSET_PATHS = "\"MeLiMobileApp/Preview Content\"";
				DEVELOPMENT_TEAM = 645JDL6UG9;
				ENABLE_PREVIEWS = YES;
				GENERATE_INFOPLIST_FILE = YES;
				INFOPLIST_KEY_UIApplicationSceneManifest_Generation = YES;
				INFOPLIST_KEY_UIApplicationSupportsIndirectInputEvents = YES;
				INFOPLIST_KEY_UILaunchScreen_Generation = YES;
				INFOPLIST_KEY_UISupportedInterfaceOrientations_iPad = "UIInterfaceOrientationPortrait UIInterfaceOrientationPortraitUpsideDown UIInterfaceOrientationLandscapeLeft UIInterfaceOrientationLandscapeRight";
				INFOPLIST_KEY_UISupportedInterfaceOrientations_iPhone = "UIInterfaceOrientationPortrait UIInterfaceOrientationLandscapeLeft UIInterfaceOrientationLandscapeRight";
				LD_RUNPATH_SEARCH_PATHS = (
					"$(inherited)",
					"@executable_path/Frameworks",
				);
				MARKETING_VERSION = 1.0;
				PRODUCT_BUNDLE_IDENTIFIER = daml.MeLiMobileApp;
				PRODUCT_NAME = "$(TARGET_NAME)";
				SWIFT_EMIT_LOC_STRINGS = YES;
				SWIFT_VERSION = 5.0;
				TARGETED_DEVICE_FAMILY = "1,2";
			};
			name = Debug;
		};
		382990152CB19593004F3A26 /* Release */ = {
			isa = XCBuildConfiguration;
			buildSettings = {
				ASSETCATALOG_COMPILER_APPICON_NAME = AppIcon;
				ASSETCATALOG_COMPILER_GLOBAL_ACCENT_COLOR_NAME = AccentColor;
				CODE_SIGN_STYLE = Automatic;
				CURRENT_PROJECT_VERSION = 1;
				DEVELOPMENT_ASSET_PATHS = "\"MeLiMobileApp/Preview Content\"";
				DEVELOPMENT_TEAM = 645JDL6UG9;
				ENABLE_PREVIEWS = YES;
				GENERATE_INFOPLIST_FILE = YES;
				INFOPLIST_KEY_UIApplicationSceneManifest_Generation = YES;
				INFOPLIST_KEY_UIApplicationSupportsIndirectInputEvents = YES;
				INFOPLIST_KEY_UILaunchScreen_Generation = YES;
				INFOPLIST_KEY_UISupportedInterfaceOrientations_iPad = "UIInterfaceOrientationPortrait UIInterfaceOrientationPortraitUpsideDown UIInterfaceOrientationLandscapeLeft UIInterfaceOrientationLandscapeRight";
				INFOPLIST_KEY_UISupportedInterfaceOrientations_iPhone = "UIInterfaceOrientationPortrait UIInterfaceOrientationLandscapeLeft UIInterfaceOrientationLandscapeRight";
				LD_RUNPATH_SEARCH_PATHS = (
					"$(inherited)",
					"@executable_path/Frameworks",
				);
				MARKETING_VERSION = 1.0;
				PRODUCT_BUNDLE_IDENTIFIER = daml.MeLiMobileApp;
				PRODUCT_NAME = "$(TARGET_NAME)";
				SWIFT_EMIT_LOC_STRINGS = YES;
				SWIFT_VERSION = 5.0;
				TARGETED_DEVICE_FAMILY = "1,2";
			};
			name = Release;
		};
		382990172CB19593004F3A26 /* Debug */ = {
			isa = XCBuildConfiguration;
			buildSettings = {
				BUNDLE_LOADER = "$(TEST_HOST)";
				CODE_SIGN_STYLE = Automatic;
				CURRENT_PROJECT_VERSION = 1;
				DEVELOPMENT_TEAM = 645JDL6UG9;
				GENERATE_INFOPLIST_FILE = YES;
				IPHONEOS_DEPLOYMENT_TARGET = 18.0;
				MARKETING_VERSION = 1.0;
				PRODUCT_BUNDLE_IDENTIFIER = daml.MeLiMobileAppTests;
				PRODUCT_NAME = "$(TARGET_NAME)";
				SWIFT_EMIT_LOC_STRINGS = NO;
				SWIFT_VERSION = 5.0;
				TARGETED_DEVICE_FAMILY = "1,2";
				TEST_HOST = "$(BUILT_PRODUCTS_DIR)/MeLiMobileApp.app/$(BUNDLE_EXECUTABLE_FOLDER_PATH)/MeLiMobileApp";
			};
			name = Debug;
		};
		382990182CB19593004F3A26 /* Release */ = {
			isa = XCBuildConfiguration;
			buildSettings = {
				BUNDLE_LOADER = "$(TEST_HOST)";
				CODE_SIGN_STYLE = Automatic;
				CURRENT_PROJECT_VERSION = 1;
				DEVELOPMENT_TEAM = 645JDL6UG9;
				GENERATE_INFOPLIST_FILE = YES;
				IPHONEOS_DEPLOYMENT_TARGET = 18.0;
				MARKETING_VERSION = 1.0;
				PRODUCT_BUNDLE_IDENTIFIER = daml.MeLiMobileAppTests;
				PRODUCT_NAME = "$(TARGET_NAME)";
				SWIFT_EMIT_LOC_STRINGS = NO;
				SWIFT_VERSION = 5.0;
				TARGETED_DEVICE_FAMILY = "1,2";
				TEST_HOST = "$(BUILT_PRODUCTS_DIR)/MeLiMobileApp.app/$(BUNDLE_EXECUTABLE_FOLDER_PATH)/MeLiMobileApp";
			};
			name = Release;
		};
		3829901A2CB19593004F3A26 /* Debug */ = {
			isa = XCBuildConfiguration;
			buildSettings = {
				CODE_SIGN_STYLE = Automatic;
				CURRENT_PROJECT_VERSION = 1;
				DEVELOPMENT_TEAM = 645JDL6UG9;
				GENERATE_INFOPLIST_FILE = YES;
				MARKETING_VERSION = 1.0;
				PRODUCT_BUNDLE_IDENTIFIER = daml.MeLiMobileAppUITests;
				PRODUCT_NAME = "$(TARGET_NAME)";
				SWIFT_EMIT_LOC_STRINGS = NO;
				SWIFT_VERSION = 5.0;
				TARGETED_DEVICE_FAMILY = "1,2";
				TEST_TARGET_NAME = MeLiMobileApp;
			};
			name = Debug;
		};
		3829901B2CB19593004F3A26 /* Release */ = {
			isa = XCBuildConfiguration;
			buildSettings = {
				CODE_SIGN_STYLE = Automatic;
				CURRENT_PROJECT_VERSION = 1;
				DEVELOPMENT_TEAM = 645JDL6UG9;
				GENERATE_INFOPLIST_FILE = YES;
				MARKETING_VERSION = 1.0;
				PRODUCT_BUNDLE_IDENTIFIER = daml.MeLiMobileAppUITests;
				PRODUCT_NAME = "$(TARGET_NAME)";
				SWIFT_EMIT_LOC_STRINGS = NO;
				SWIFT_VERSION = 5.0;
				TARGETED_DEVICE_FAMILY = "1,2";
				TEST_TARGET_NAME = MeLiMobileApp;
			};
			name = Release;
		};
/* End XCBuildConfiguration section */

/* Begin XCConfigurationList section */
		38298FE82CB19589004F3A26 /* Build configuration list for PBXProject "MeLiMobileApp" */ = {
			isa = XCConfigurationList;
			buildConfigurations = (
				382990112CB19593004F3A26 /* Debug */,
				382990122CB19593004F3A26 /* Release */,
			);
			defaultConfigurationIsVisible = 0;
			defaultConfigurationName = Release;
		};
		382990132CB19593004F3A26 /* Build configuration list for PBXNativeTarget "MeLiMobileApp" */ = {
			isa = XCConfigurationList;
			buildConfigurations = (
				382990142CB19593004F3A26 /* Debug */,
				382990152CB19593004F3A26 /* Release */,
			);
			defaultConfigurationIsVisible = 0;
			defaultConfigurationName = Release;
		};
		382990162CB19593004F3A26 /* Build configuration list for PBXNativeTarget "MeLiMobileAppTests" */ = {
			isa = XCConfigurationList;
			buildConfigurations = (
				382990172CB19593004F3A26 /* Debug */,
				382990182CB19593004F3A26 /* Release */,
			);
			defaultConfigurationIsVisible = 0;
			defaultConfigurationName = Release;
		};
		382990192CB19593004F3A26 /* Build configuration list for PBXNativeTarget "MeLiMobileAppUITests" */ = {
			isa = XCConfigurationList;
			buildConfigurations = (
				3829901A2CB19593004F3A26 /* Debug */,
				3829901B2CB19593004F3A26 /* Release */,
			);
			defaultConfigurationIsVisible = 0;
			defaultConfigurationName = Release;
		};
/* End XCConfigurationList section */
	};
	rootObject = 38298FE52CB19589004F3A26 /* Project object */;
}
